// !$*UTF8*$!
{
	archiveVersion = 1;
	classes = {
	};
	objectVersion = 55;
	objects = {

/* Begin PBXBuildFile section */
		0A46B7502A3BAA80001666CF /* LandingView.swift in Sources */ = {isa = PBXBuildFile; fileRef = 0A46B74F2A3BAA80001666CF /* LandingView.swift */; };
		0A46B7532A3BAC24001666CF /* ColorExtension.swift in Sources */ = {isa = PBXBuildFile; fileRef = 0A46B7522A3BAC24001666CF /* ColorExtension.swift */; };
		0A46B7552A3BB1CE001666CF /* SailecFontModifier.swift in Sources */ = {isa = PBXBuildFile; fileRef = 0A46B7542A3BB1CE001666CF /* SailecFontModifier.swift */; };
		0A999B442A3AB7350045D3D6 /* CeiptApp.swift in Sources */ = {isa = PBXBuildFile; fileRef = 0A999B432A3AB7350045D3D6 /* CeiptApp.swift */; };
		0A999B462A3AB7350045D3D6 /* ContentView.swift in Sources */ = {isa = PBXBuildFile; fileRef = 0A999B452A3AB7350045D3D6 /* ContentView.swift */; };
		0A999B482A3AB7360045D3D6 /* Assets.xcassets in Resources */ = {isa = PBXBuildFile; fileRef = 0A999B472A3AB7360045D3D6 /* Assets.xcassets */; };
		0A999B4B2A3AB7360045D3D6 /* Preview Assets.xcassets in Resources */ = {isa = PBXBuildFile; fileRef = 0A999B4A2A3AB7360045D3D6 /* Preview Assets.xcassets */; };
		0A999B522A3AB7640045D3D6 /* GoogleService-Info.plist in Resources */ = {isa = PBXBuildFile; fileRef = 0A999B512A3AB7640045D3D6 /* GoogleService-Info.plist */; };
		0A999B552A3AB8780045D3D6 /* FirebaseAnalytics in Frameworks */ = {isa = PBXBuildFile; productRef = 0A999B542A3AB8780045D3D6 /* FirebaseAnalytics */; };
		0A999B572A3AB8780045D3D6 /* FirebaseAuth in Frameworks */ = {isa = PBXBuildFile; productRef = 0A999B562A3AB8780045D3D6 /* FirebaseAuth */; };
		0A999B592A3AB8780045D3D6 /* FirebaseFirestore in Frameworks */ = {isa = PBXBuildFile; productRef = 0A999B582A3AB8780045D3D6 /* FirebaseFirestore */; };
		0A999B5B2A3AB8780045D3D6 /* FirebaseStorage in Frameworks */ = {isa = PBXBuildFile; productRef = 0A999B5A2A3AB8780045D3D6 /* FirebaseStorage */; };
		0A999B602A3AB91C0045D3D6 /* LoginViewModel.swift in Sources */ = {isa = PBXBuildFile; fileRef = 0A999B5F2A3AB91C0045D3D6 /* LoginViewModel.swift */; };
		0A999B642A3AB9860045D3D6 /* LoginView.swift in Sources */ = {isa = PBXBuildFile; fileRef = 0A999B632A3AB9860045D3D6 /* LoginView.swift */; };
		0AA8D3142A3BB70A0074B26C /* Sailec-Medium.ttf in Resources */ = {isa = PBXBuildFile; fileRef = 0AA8D3112A3BB70A0074B26C /* Sailec-Medium.ttf */; };
		0AA8D3152A3BB70A0074B26C /* Sailec-Bold.ttf in Resources */ = {isa = PBXBuildFile; fileRef = 0AA8D3122A3BB70A0074B26C /* Sailec-Bold.ttf */; };
		0AA8D3162A3BB70A0074B26C /* Sailec.ttf in Resources */ = {isa = PBXBuildFile; fileRef = 0AA8D3132A3BB70A0074B26C /* Sailec.ttf */; };
		0AA8D3192A3BBB720074B26C /* SignUpView.swift in Sources */ = {isa = PBXBuildFile; fileRef = 0AA8D3182A3BBB720074B26C /* SignUpView.swift */; };
/* End PBXBuildFile section */

/* Begin PBXFileReference section */
		0A46B74F2A3BAA80001666CF /* LandingView.swift */ = {isa = PBXFileReference; lastKnownFileType = sourcecode.swift; path = LandingView.swift; sourceTree = "<group>"; };
		0A46B7522A3BAC24001666CF /* ColorExtension.swift */ = {isa = PBXFileReference; lastKnownFileType = sourcecode.swift; path = ColorExtension.swift; sourceTree = "<group>"; };
		0A46B7542A3BB1CE001666CF /* SailecFontModifier.swift */ = {isa = PBXFileReference; lastKnownFileType = sourcecode.swift; path = SailecFontModifier.swift; sourceTree = "<group>"; };
		0A46B75D2A3BB464001666CF /* Info.plist */ = {isa = PBXFileReference; lastKnownFileType = text.plist; path = Info.plist; sourceTree = "<group>"; };
		0A999B402A3AB7350045D3D6 /* Ceipt.app */ = {isa = PBXFileReference; explicitFileType = wrapper.application; includeInIndex = 0; path = Ceipt.app; sourceTree = BUILT_PRODUCTS_DIR; };
		0A999B432A3AB7350045D3D6 /* CeiptApp.swift */ = {isa = PBXFileReference; lastKnownFileType = sourcecode.swift; path = CeiptApp.swift; sourceTree = "<group>"; };
		0A999B452A3AB7350045D3D6 /* ContentView.swift */ = {isa = PBXFileReference; lastKnownFileType = sourcecode.swift; path = ContentView.swift; sourceTree = "<group>"; };
		0A999B472A3AB7360045D3D6 /* Assets.xcassets */ = {isa = PBXFileReference; lastKnownFileType = folder.assetcatalog; path = Assets.xcassets; sourceTree = "<group>"; };
		0A999B4A2A3AB7360045D3D6 /* Preview Assets.xcassets */ = {isa = PBXFileReference; lastKnownFileType = folder.assetcatalog; path = "Preview Assets.xcassets"; sourceTree = "<group>"; };
		0A999B512A3AB7640045D3D6 /* GoogleService-Info.plist */ = {isa = PBXFileReference; fileEncoding = 4; lastKnownFileType = text.plist.xml; path = "GoogleService-Info.plist"; sourceTree = "<group>"; };
		0A999B5F2A3AB91C0045D3D6 /* LoginViewModel.swift */ = {isa = PBXFileReference; lastKnownFileType = sourcecode.swift; path = LoginViewModel.swift; sourceTree = "<group>"; };
		0A999B632A3AB9860045D3D6 /* LoginView.swift */ = {isa = PBXFileReference; lastKnownFileType = sourcecode.swift; path = LoginView.swift; sourceTree = "<group>"; };
		0AA8D3112A3BB70A0074B26C /* Sailec-Medium.ttf */ = {isa = PBXFileReference; lastKnownFileType = file; path = "Sailec-Medium.ttf"; sourceTree = "<group>"; };
		0AA8D3122A3BB70A0074B26C /* Sailec-Bold.ttf */ = {isa = PBXFileReference; lastKnownFileType = file; path = "Sailec-Bold.ttf"; sourceTree = "<group>"; };
		0AA8D3132A3BB70A0074B26C /* Sailec.ttf */ = {isa = PBXFileReference; lastKnownFileType = file; path = Sailec.ttf; sourceTree = "<group>"; };
		0AA8D3182A3BBB720074B26C /* SignUpView.swift */ = {isa = PBXFileReference; lastKnownFileType = sourcecode.swift; path = SignUpView.swift; sourceTree = "<group>"; };
/* End PBXFileReference section */

/* Begin PBXFrameworksBuildPhase section */
		0A999B3D2A3AB7350045D3D6 /* Frameworks */ = {
			isa = PBXFrameworksBuildPhase;
			buildActionMask = 2147483647;
			files = (
				0A999B552A3AB8780045D3D6 /* FirebaseAnalytics in Frameworks */,
				0A999B5B2A3AB8780045D3D6 /* FirebaseStorage in Frameworks */,
				0A999B572A3AB8780045D3D6 /* FirebaseAuth in Frameworks */,
				0A999B592A3AB8780045D3D6 /* FirebaseFirestore in Frameworks */,
			);
			runOnlyForDeploymentPostprocessing = 0;
		};
/* End PBXFrameworksBuildPhase section */

/* Begin PBXGroup section */
		0A46B7512A3BAC06001666CF /* Helpers */ = {
			isa = PBXGroup;
			children = (
				0A46B7522A3BAC24001666CF /* ColorExtension.swift */,
				0A46B7542A3BB1CE001666CF /* SailecFontModifier.swift */,
			);
			path = Helpers;
			sourceTree = "<group>";
		};
		0A999B372A3AB7350045D3D6 = {
			isa = PBXGroup;
			children = (
				0A999B422A3AB7350045D3D6 /* Ceipt */,
				0A999B412A3AB7350045D3D6 /* Products */,
			);
			sourceTree = "<group>";
		};
		0A999B412A3AB7350045D3D6 /* Products */ = {
			isa = PBXGroup;
			children = (
				0A999B402A3AB7350045D3D6 /* Ceipt.app */,
			);
			name = Products;
			sourceTree = "<group>";
		};
		0A999B422A3AB7350045D3D6 /* Ceipt */ = {
			isa = PBXGroup;
			children = (
				0AA8D3102A3BB6EB0074B26C /* sailec */,
				0A46B75D2A3BB464001666CF /* Info.plist */,
				0A46B7512A3BAC06001666CF /* Helpers */,
				0A999B5D2A3AB90B0045D3D6 /* Models */,
				0A999B5C2A3AB9000045D3D6 /* Views */,
				0A999B512A3AB7640045D3D6 /* GoogleService-Info.plist */,
				0A999B432A3AB7350045D3D6 /* CeiptApp.swift */,
				0A999B452A3AB7350045D3D6 /* ContentView.swift */,
				0A999B472A3AB7360045D3D6 /* Assets.xcassets */,
				0A999B492A3AB7360045D3D6 /* Preview Content */,
			);
			path = Ceipt;
			sourceTree = "<group>";
		};
		0A999B492A3AB7360045D3D6 /* Preview Content */ = {
			isa = PBXGroup;
			children = (
				0A999B4A2A3AB7360045D3D6 /* Preview Assets.xcassets */,
			);
			path = "Preview Content";
			sourceTree = "<group>";
		};
		0A999B5C2A3AB9000045D3D6 /* Views */ = {
			isa = PBXGroup;
			children = (
				0A999B632A3AB9860045D3D6 /* LoginView.swift */,
				0A46B74F2A3BAA80001666CF /* LandingView.swift */,
				0AA8D3182A3BBB720074B26C /* SignUpView.swift */,
			);
			path = Views;
			sourceTree = "<group>";
		};
		0A999B5D2A3AB90B0045D3D6 /* Models */ = {
			isa = PBXGroup;
			children = (
				0A999B5F2A3AB91C0045D3D6 /* LoginViewModel.swift */,
			);
			path = Models;
			sourceTree = "<group>";
		};
		0AA8D3102A3BB6EB0074B26C /* sailec */ = {
			isa = PBXGroup;
			children = (
				0AA8D3122A3BB70A0074B26C /* Sailec-Bold.ttf */,
				0AA8D3112A3BB70A0074B26C /* Sailec-Medium.ttf */,
				0AA8D3132A3BB70A0074B26C /* Sailec.ttf */,
			);
			path = sailec;
			sourceTree = "<group>";
		};
/* End PBXGroup section */

/* Begin PBXNativeTarget section */
		0A999B3F2A3AB7350045D3D6 /* Ceipt */ = {
			isa = PBXNativeTarget;
			buildConfigurationList = 0A999B4E2A3AB7360045D3D6 /* Build configuration list for PBXNativeTarget "Ceipt" */;
			buildPhases = (
				0A999B3C2A3AB7350045D3D6 /* Sources */,
				0A999B3D2A3AB7350045D3D6 /* Frameworks */,
				0A999B3E2A3AB7350045D3D6 /* Resources */,
			);
			buildRules = (
			);
			dependencies = (
			);
			name = Ceipt;
			packageProductDependencies = (
				0A999B542A3AB8780045D3D6 /* FirebaseAnalytics */,
				0A999B562A3AB8780045D3D6 /* FirebaseAuth */,
				0A999B582A3AB8780045D3D6 /* FirebaseFirestore */,
				0A999B5A2A3AB8780045D3D6 /* FirebaseStorage */,
			);
			productName = Ceipt;
			productReference = 0A999B402A3AB7350045D3D6 /* Ceipt.app */;
			productType = "com.apple.product-type.application";
		};
/* End PBXNativeTarget section */

/* Begin PBXProject section */
		0A999B382A3AB7350045D3D6 /* Project object */ = {
			isa = PBXProject;
			attributes = {
				BuildIndependentTargetsInParallel = 1;
				LastSwiftUpdateCheck = 1330;
				LastUpgradeCheck = 1330;
				TargetAttributes = {
					0A999B3F2A3AB7350045D3D6 = {
						CreatedOnToolsVersion = 13.3;
					};
				};
			};
			buildConfigurationList = 0A999B3B2A3AB7350045D3D6 /* Build configuration list for PBXProject "Ceipt" */;
			compatibilityVersion = "Xcode 13.0";
			developmentRegion = en;
			hasScannedForEncodings = 0;
			knownRegions = (
				en,
				Base,
			);
			mainGroup = 0A999B372A3AB7350045D3D6;
			packageReferences = (
				0A999B532A3AB8780045D3D6 /* XCRemoteSwiftPackageReference "firebase-ios-sdk" */,
			);
			productRefGroup = 0A999B412A3AB7350045D3D6 /* Products */;
			projectDirPath = "";
			projectRoot = "";
			targets = (
				0A999B3F2A3AB7350045D3D6 /* Ceipt */,
			);
		};
/* End PBXProject section */

/* Begin PBXResourcesBuildPhase section */
		0A999B3E2A3AB7350045D3D6 /* Resources */ = {
			isa = PBXResourcesBuildPhase;
			buildActionMask = 2147483647;
			files = (
				0AA8D3142A3BB70A0074B26C /* Sailec-Medium.ttf in Resources */,
				0AA8D3162A3BB70A0074B26C /* Sailec.ttf in Resources */,
				0AA8D3152A3BB70A0074B26C /* Sailec-Bold.ttf in Resources */,
				0A999B4B2A3AB7360045D3D6 /* Preview Assets.xcassets in Resources */,
				0A999B522A3AB7640045D3D6 /* GoogleService-Info.plist in Resources */,
				0A999B482A3AB7360045D3D6 /* Assets.xcassets in Resources */,
			);
			runOnlyForDeploymentPostprocessing = 0;
		};
/* End PBXResourcesBuildPhase section */

/* Begin PBXSourcesBuildPhase section */
		0A999B3C2A3AB7350045D3D6 /* Sources */ = {
			isa = PBXSourcesBuildPhase;
			buildActionMask = 2147483647;
			files = (
				0A999B462A3AB7350045D3D6 /* ContentView.swift in Sources */,
				0A46B7502A3BAA80001666CF /* LandingView.swift in Sources */,
				0A999B442A3AB7350045D3D6 /* CeiptApp.swift in Sources */,
				0A46B7532A3BAC24001666CF /* ColorExtension.swift in Sources */,
				0AA8D3192A3BBB720074B26C /* SignUpView.swift in Sources */,
				0A999B642A3AB9860045D3D6 /* LoginView.swift in Sources */,
				0A46B7552A3BB1CE001666CF /* SailecFontModifier.swift in Sources */,
				0A999B602A3AB91C0045D3D6 /* LoginViewModel.swift in Sources */,
			);
			runOnlyForDeploymentPostprocessing = 0;
		};
/* End PBXSourcesBuildPhase section */

/* Begin XCBuildConfiguration section */
		0A999B4C2A3AB7360045D3D6 /* Debug */ = {
			isa = XCBuildConfiguration;
			buildSettings = {
				ALWAYS_SEARCH_USER_PATHS = NO;
				CLANG_ANALYZER_NONNULL = YES;
				CLANG_ANALYZER_NUMBER_OBJECT_CONVERSION = YES_AGGRESSIVE;
				CLANG_CXX_LANGUAGE_STANDARD = "gnu++17";
				CLANG_ENABLE_MODULES = YES;
				CLANG_ENABLE_OBJC_ARC = YES;
				CLANG_ENABLE_OBJC_WEAK = YES;
				CLANG_WARN_BLOCK_CAPTURE_AUTORELEASING = YES;
				CLANG_WARN_BOOL_CONVERSION = YES;
				CLANG_WARN_COMMA = YES;
				CLANG_WARN_CONSTANT_CONVERSION = YES;
				CLANG_WARN_DEPRECATED_OBJC_IMPLEMENTATIONS = YES;
				CLANG_WARN_DIRECT_OBJC_ISA_USAGE = YES_ERROR;
				CLANG_WARN_DOCUMENTATION_COMMENTS = YES;
				CLANG_WARN_EMPTY_BODY = YES;
				CLANG_WARN_ENUM_CONVERSION = YES;
				CLANG_WARN_INFINITE_RECURSION = YES;
				CLANG_WARN_INT_CONVERSION = YES;
				CLANG_WARN_NON_LITERAL_NULL_CONVERSION = YES;
				CLANG_WARN_OBJC_IMPLICIT_RETAIN_SELF = YES;
				CLANG_WARN_OBJC_LITERAL_CONVERSION = YES;
				CLANG_WARN_OBJC_ROOT_CLASS = YES_ERROR;
				CLANG_WARN_QUOTED_INCLUDE_IN_FRAMEWORK_HEADER = YES;
				CLANG_WARN_RANGE_LOOP_ANALYSIS = YES;
				CLANG_WARN_STRICT_PROTOTYPES = YES;
				CLANG_WARN_SUSPICIOUS_MOVE = YES;
				CLANG_WARN_UNGUARDED_AVAILABILITY = YES_AGGRESSIVE;
				CLANG_WARN_UNREACHABLE_CODE = YES;
				CLANG_WARN__DUPLICATE_METHOD_MATCH = YES;
				COPY_PHASE_STRIP = NO;
				DEBUG_INFORMATION_FORMAT = dwarf;
				ENABLE_STRICT_OBJC_MSGSEND = YES;
				ENABLE_TESTABILITY = YES;
				GCC_C_LANGUAGE_STANDARD = gnu11;
				GCC_DYNAMIC_NO_PIC = NO;
				GCC_NO_COMMON_BLOCKS = YES;
				GCC_OPTIMIZATION_LEVEL = 0;
				GCC_PREPROCESSOR_DEFINITIONS = (
					"DEBUG=1",
					"$(inherited)",
				);
				GCC_WARN_64_TO_32_BIT_CONVERSION = YES;
				GCC_WARN_ABOUT_RETURN_TYPE = YES_ERROR;
				GCC_WARN_UNDECLARED_SELECTOR = YES;
				GCC_WARN_UNINITIALIZED_AUTOS = YES_AGGRESSIVE;
				GCC_WARN_UNUSED_FUNCTION = YES;
				GCC_WARN_UNUSED_VARIABLE = YES;
				IPHONEOS_DEPLOYMENT_TARGET = 15.4;
				MTL_ENABLE_DEBUG_INFO = INCLUDE_SOURCE;
				MTL_FAST_MATH = YES;
				ONLY_ACTIVE_ARCH = YES;
				SDKROOT = iphoneos;
				SWIFT_ACTIVE_COMPILATION_CONDITIONS = DEBUG;
				SWIFT_OPTIMIZATION_LEVEL = "-Onone";
			};
			name = Debug;
		};
		0A999B4D2A3AB7360045D3D6 /* Release */ = {
			isa = XCBuildConfiguration;
			buildSettings = {
				ALWAYS_SEARCH_USER_PATHS = NO;
				CLANG_ANALYZER_NONNULL = YES;
				CLANG_ANALYZER_NUMBER_OBJECT_CONVERSION = YES_AGGRESSIVE;
				CLANG_CXX_LANGUAGE_STANDARD = "gnu++17";
				CLANG_ENABLE_MODULES = YES;
				CLANG_ENABLE_OBJC_ARC = YES;
				CLANG_ENABLE_OBJC_WEAK = YES;
				CLANG_WARN_BLOCK_CAPTURE_AUTORELEASING = YES;
				CLANG_WARN_BOOL_CONVERSION = YES;
				CLANG_WARN_COMMA = YES;
				CLANG_WARN_CONSTANT_CONVERSION = YES;
				CLANG_WARN_DEPRECATED_OBJC_IMPLEMENTATIONS = YES;
				CLANG_WARN_DIRECT_OBJC_ISA_USAGE = YES_ERROR;
				CLANG_WARN_DOCUMENTATION_COMMENTS = YES;
				CLANG_WARN_EMPTY_BODY = YES;
				CLANG_WARN_ENUM_CONVERSION = YES;
				CLANG_WARN_INFINITE_RECURSION = YES;
				CLANG_WARN_INT_CONVERSION = YES;
				CLANG_WARN_NON_LITERAL_NULL_CONVERSION = YES;
				CLANG_WARN_OBJC_IMPLICIT_RETAIN_SELF = YES;
				CLANG_WARN_OBJC_LITERAL_CONVERSION = YES;
				CLANG_WARN_OBJC_ROOT_CLASS = YES_ERROR;
				CLANG_WARN_QUOTED_INCLUDE_IN_FRAMEWORK_HEADER = YES;
				CLANG_WARN_RANGE_LOOP_ANALYSIS = YES;
				CLANG_WARN_STRICT_PROTOTYPES = YES;
				CLANG_WARN_SUSPICIOUS_MOVE = YES;
				CLANG_WARN_UNGUARDED_AVAILABILITY = YES_AGGRESSIVE;
				CLANG_WARN_UNREACHABLE_CODE = YES;
				CLANG_WARN__DUPLICATE_METHOD_MATCH = YES;
				COPY_PHASE_STRIP = NO;
				DEBUG_INFORMATION_FORMAT = "dwarf-with-dsym";
				ENABLE_NS_ASSERTIONS = NO;
				ENABLE_STRICT_OBJC_MSGSEND = YES;
				GCC_C_LANGUAGE_STANDARD = gnu11;
				GCC_NO_COMMON_BLOCKS = YES;
				GCC_WARN_64_TO_32_BIT_CONVERSION = YES;
				GCC_WARN_ABOUT_RETURN_TYPE = YES_ERROR;
				GCC_WARN_UNDECLARED_SELECTOR = YES;
				GCC_WARN_UNINITIALIZED_AUTOS = YES_AGGRESSIVE;
				GCC_WARN_UNUSED_FUNCTION = YES;
				GCC_WARN_UNUSED_VARIABLE = YES;
				IPHONEOS_DEPLOYMENT_TARGET = 15.4;
				MTL_ENABLE_DEBUG_INFO = NO;
				MTL_FAST_MATH = YES;
				SDKROOT = iphoneos;
				SWIFT_COMPILATION_MODE = wholemodule;
				SWIFT_OPTIMIZATION_LEVEL = "-O";
				VALIDATE_PRODUCT = YES;
			};
			name = Release;
		};
		0A999B4F2A3AB7360045D3D6 /* Debug */ = {
			isa = XCBuildConfiguration;
			buildSettings = {
				ASSETCATALOG_COMPILER_APPICON_NAME = AppIcon;
				ASSETCATALOG_COMPILER_GLOBAL_ACCENT_COLOR_NAME = AccentColor;
				CODE_SIGN_STYLE = Automatic;
				CURRENT_PROJECT_VERSION = 1;
				DEVELOPMENT_ASSET_PATHS = "\"Ceipt/Preview Content\"";
				DEVELOPMENT_TEAM = J39CLB89BS;
				ENABLE_PREVIEWS = YES;
				GENERATE_INFOPLIST_FILE = YES;
				INFOPLIST_FILE = Ceipt/Info.plist;
				INFOPLIST_KEY_UIApplicationSceneManifest_Generation = YES;
				INFOPLIST_KEY_UIApplicationSupportsIndirectInputEvents = YES;
				INFOPLIST_KEY_UILaunchScreen_Generation = YES;
				INFOPLIST_KEY_UISupportedInterfaceOrientations_iPad = "UIInterfaceOrientationPortrait UIInterfaceOrientationPortraitUpsideDown UIInterfaceOrientationLandscapeLeft UIInterfaceOrientationLandscapeRight";
				INFOPLIST_KEY_UISupportedInterfaceOrientations_iPhone = "UIInterfaceOrientationPortrait UIInterfaceOrientationLandscapeLeft UIInterfaceOrientationLandscapeRight";
				LD_RUNPATH_SEARCH_PATHS = (
					"$(inherited)",
					"@executable_path/Frameworks",
				);
				MARKETING_VERSION = 1.0;
				PRODUCT_BUNDLE_IDENTIFIER = com.ashazahmed.Ceipt;
				PRODUCT_NAME = "$(TARGET_NAME)";
				SWIFT_EMIT_LOC_STRINGS = YES;
				SWIFT_VERSION = 5.0;
				TARGETED_DEVICE_FAMILY = "1,2";
			};
			name = Debug;
		};
		0A999B502A3AB7360045D3D6 /* Release */ = {
			isa = XCBuildConfiguration;
			buildSettings = {
				ASSETCATALOG_COMPILER_APPICON_NAME = AppIcon;
				ASSETCATALOG_COMPILER_GLOBAL_ACCENT_COLOR_NAME = AccentColor;
				CODE_SIGN_STYLE = Automatic;
				CURRENT_PROJECT_VERSION = 1;
				DEVELOPMENT_ASSET_PATHS = "\"Ceipt/Preview Content\"";
				DEVELOPMENT_TEAM = J39CLB89BS;
				ENABLE_PREVIEWS = YES;
				GENERATE_INFOPLIST_FILE = YES;
				INFOPLIST_FILE = Ceipt/Info.plist;
				INFOPLIST_KEY_UIApplicationSceneManifest_Generation = YES;
				INFOPLIST_KEY_UIApplicationSupportsIndirectInputEvents = YES;
				INFOPLIST_KEY_UILaunchScreen_Generation = YES;
				INFOPLIST_KEY_UISupportedInterfaceOrientations_iPad = "UIInterfaceOrientationPortrait UIInterfaceOrientationPortraitUpsideDown UIInterfaceOrientationLandscapeLeft UIInterfaceOrientationLandscapeRight";
				INFOPLIST_KEY_UISupportedInterfaceOrientations_iPhone = "UIInterfaceOrientationPortrait UIInterfaceOrientationLandscapeLeft UIInterfaceOrientationLandscapeRight";
				LD_RUNPATH_SEARCH_PATHS = (
					"$(inherited)",
					"@executable_path/Frameworks",
				);
				MARKETING_VERSION = 1.0;
				PRODUCT_BUNDLE_IDENTIFIER = com.ashazahmed.Ceipt;
				PRODUCT_NAME = "$(TARGET_NAME)";
				SWIFT_EMIT_LOC_STRINGS = YES;
				SWIFT_VERSION = 5.0;
				TARGETED_DEVICE_FAMILY = "1,2";
			};
			name = Release;
		};
/* End XCBuildConfiguration section */

/* Begin XCConfigurationList section */
		0A999B3B2A3AB7350045D3D6 /* Build configuration list for PBXProject "Ceipt" */ = {
			isa = XCConfigurationList;
			buildConfigurations = (
				0A999B4C2A3AB7360045D3D6 /* Debug */,
				0A999B4D2A3AB7360045D3D6 /* Release */,
			);
			defaultConfigurationIsVisible = 0;
			defaultConfigurationName = Release;
		};
		0A999B4E2A3AB7360045D3D6 /* Build configuration list for PBXNativeTarget "Ceipt" */ = {
			isa = XCConfigurationList;
			buildConfigurations = (
				0A999B4F2A3AB7360045D3D6 /* Debug */,
				0A999B502A3AB7360045D3D6 /* Release */,
			);
			defaultConfigurationIsVisible = 0;
			defaultConfigurationName = Release;
		};
/* End XCConfigurationList section */

/* Begin XCRemoteSwiftPackageReference section */
		0A999B532A3AB8780045D3D6 /* XCRemoteSwiftPackageReference "firebase-ios-sdk" */ = {
			isa = XCRemoteSwiftPackageReference;
			repositoryURL = "https://github.com/firebase/firebase-ios-sdk";
			requirement = {
				branch = master;
				kind = branch;
			};
		};
/* End XCRemoteSwiftPackageReference section */

/* Begin XCSwiftPackageProductDependency section */
		0A999B542A3AB8780045D3D6 /* FirebaseAnalytics */ = {
			isa = XCSwiftPackageProductDependency;
			package = 0A999B532A3AB8780045D3D6 /* XCRemoteSwiftPackageReference "firebase-ios-sdk" */;
			productName = FirebaseAnalytics;
		};
		0A999B562A3AB8780045D3D6 /* FirebaseAuth */ = {
			isa = XCSwiftPackageProductDependency;
			package = 0A999B532A3AB8780045D3D6 /* XCRemoteSwiftPackageReference "firebase-ios-sdk" */;
			productName = FirebaseAuth;
		};
		0A999B582A3AB8780045D3D6 /* FirebaseFirestore */ = {
			isa = XCSwiftPackageProductDependency;
			package = 0A999B532A3AB8780045D3D6 /* XCRemoteSwiftPackageReference "firebase-ios-sdk" */;
			productName = FirebaseFirestore;
		};
		0A999B5A2A3AB8780045D3D6 /* FirebaseStorage */ = {
			isa = XCSwiftPackageProductDependency;
			package = 0A999B532A3AB8780045D3D6 /* XCRemoteSwiftPackageReference "firebase-ios-sdk" */;
			productName = FirebaseStorage;
		};
/* End XCSwiftPackageProductDependency section */
	};
	rootObject = 0A999B382A3AB7350045D3D6 /* Project object */;
}
